
Microsoft Visual Studio Solution File, Format Version 12.00
# Visual Studio Version 16
VisualStudioVersion = 16.0.32002.261
MinimumVisualStudioVersion = 10.0.40219.1
Project("{FAE04EC0-301F-11D3-BF4B-00C04F79EFBC}") = "CurrentWeatherApp", "CurrentWeatherApp\CurrentWeatherApp.csproj", "{328E4B6B-E814-42B5-96CA-C48B4F139977}"
EndProject
Global
	GlobalSection(SolutionConfigurationPlatforms) = preSolution
		Debug|Any CPU = Debug|Any CPU
		Release|Any CPU = Release|Any CPU
	EndGlobalSection
	GlobalSection(ProjectConfigurationPlatforms) = postSolution
		{328E4B6B-E814-42B5-96CA-C48B4F139977}.Debug|Any CPU.ActiveCfg = Debug|Any CPU
		{328E4B6B-E814-42B5-96CA-C48B4F139977}.Debug|Any CPU.Build.0 = Debug|Any CPU
		{328E4B6B-E814-42B5-96CA-C48B4F139977}.Release|Any CPU.ActiveCfg = Release|Any CPU
		{328E4B6B-E814-42B5-96CA-C48B4F139977}.Release|Any CPU.Build.0 = Release|Any CPU
	EndGlobalSection
	GlobalSection(SolutionProperties) = preSolution
		HideSolutionNode = FALSE
	EndGlobalSection
	GlobalSection(ExtensibilityGlobals) = postSolution
		SolutionGuid = {539C1A9B-BDF1-4138-90B1-ACE649A372BF}
	EndGlobalSection
EndGlobal
